
Microsoft Visual Studio Solution File, Format Version 12.00
# Visual Studio Version 17
VisualStudioVersion = 17.0.31903.59
MinimumVisualStudioVersion = 10.0.40219.1
Project("{2150E333-8FDC-42A3-9474-1A3956D46DE8}") = "src", "src", "{C65D5B3B-E9E5-4DB8-91D8-70ABF63B03D4}"
EndProject
Project("{FAE04EC0-301F-11D3-BF4B-00C04F79EFBC}") = "Domain", "src\Domain\Domain.csproj", "{97E94A5A-4477-44B6-99CF-818D603A23FE}"
EndProject
Project("{FAE04EC0-301F-11D3-BF4B-00C04F79EFBC}") = "Application", "src\Application\Application.csproj", "{E5546530-7BAC-4DA0-8F55-09531BE5C555}"
EndProject
Project("{FAE04EC0-301F-11D3-BF4B-00C04F79EFBC}") = "Infrastructure", "src\Infrastructure\Infrastructure.csproj", "{3B092446-43CF-45DE-A837-107C730CC644}"
EndProject
Project("{FAE04EC0-301F-11D3-BF4B-00C04F79EFBC}") = "Api", "src\Api\Api.csproj", "{FEC21603-6DFF-407E-914E-027CABAA7F28}"
EndProject
Global
	GlobalSection(SolutionConfigurationPlatforms) = preSolution
		Debug|Any CPU = Debug|Any CPU
		Release|Any CPU = Release|Any CPU
	EndGlobalSection
	GlobalSection(SolutionProperties) = preSolution
		HideSolutionNode = FALSE
	EndGlobalSection
	GlobalSection(ProjectConfigurationPlatforms) = postSolution
		{97E94A5A-4477-44B6-99CF-818D603A23FE}.Debug|Any CPU.ActiveCfg = Debug|Any CPU
		{97E94A5A-4477-44B6-99CF-818D603A23FE}.Debug|Any CPU.Build.0 = Debug|Any CPU
		{97E94A5A-4477-44B6-99CF-818D603A23FE}.Release|Any CPU.ActiveCfg = Release|Any CPU
		{97E94A5A-4477-44B6-99CF-818D603A23FE}.Release|Any CPU.Build.0 = Release|Any CPU
		{E5546530-7BAC-4DA0-8F55-09531BE5C555}.Debug|Any CPU.ActiveCfg = Debug|Any CPU
		{E5546530-7BAC-4DA0-8F55-09531BE5C555}.Debug|Any CPU.Build.0 = Debug|Any CPU
		{E5546530-7BAC-4DA0-8F55-09531BE5C555}.Release|Any CPU.ActiveCfg = Release|Any CPU
		{E5546530-7BAC-4DA0-8F55-09531BE5C555}.Release|Any CPU.Build.0 = Release|Any CPU
		{3B092446-43CF-45DE-A837-107C730CC644}.Debug|Any CPU.ActiveCfg = Debug|Any CPU
		{3B092446-43CF-45DE-A837-107C730CC644}.Debug|Any CPU.Build.0 = Debug|Any CPU
		{3B092446-43CF-45DE-A837-107C730CC644}.Release|Any CPU.ActiveCfg = Release|Any CPU
		{3B092446-43CF-45DE-A837-107C730CC644}.Release|Any CPU.Build.0 = Release|Any CPU
		{FEC21603-6DFF-407E-914E-027CABAA7F28}.Debug|Any CPU.ActiveCfg = Debug|Any CPU
		{FEC21603-6DFF-407E-914E-027CABAA7F28}.Debug|Any CPU.Build.0 = Debug|Any CPU
		{FEC21603-6DFF-407E-914E-027CABAA7F28}.Release|Any CPU.ActiveCfg = Release|Any CPU
		{FEC21603-6DFF-407E-914E-027CABAA7F28}.Release|Any CPU.Build.0 = Release|Any CPU
	EndGlobalSection
	GlobalSection(NestedProjects) = preSolution
		{97E94A5A-4477-44B6-99CF-818D603A23FE} = {C65D5B3B-E9E5-4DB8-91D8-70ABF63B03D4}
		{E5546530-7BAC-4DA0-8F55-09531BE5C555} = {C65D5B3B-E9E5-4DB8-91D8-70ABF63B03D4}
		{3B092446-43CF-45DE-A837-107C730CC644} = {C65D5B3B-E9E5-4DB8-91D8-70ABF63B03D4}
		{FEC21603-6DFF-407E-914E-027CABAA7F28} = {C65D5B3B-E9E5-4DB8-91D8-70ABF63B03D4}
	EndGlobalSection
EndGlobal
